{
  "originHash" : "7f4139cf9e2c8c3a56a46317b609de99bb7f7635bc467125c01d0d3ab0f62585",
  "pins" : [
    {
      "identity" : "essentials",
      "kind" : "remoteSourceControl",
      "location" : "https://gitlab.com/sergiy.vynnychenko/essentials.git",
      "state" : {
        "branch" : "master",
        "revision" : "bca6c5de5a7e5b595eeaf7d2031e659cd8a9113d"
      }
    },
    {
      "identity" : "moreswiftui",
      "kind" : "remoteSourceControl",
      "location" : "https://gitlab.com/UKS/moreswiftui.git",
      "state" : {
        "branch" : "main",
        "revision" : "054ec127c2f4a2703a6e809200ff1159c0056687"
      }
    }
  ],
  "version" : 3
}
